
Microsoft Visual Studio Solution File, Format Version 12.00
# Visual Studio Version 17
VisualStudioVersion = 17.9.34728.123
MinimumVisualStudioVersion = 10.0.40219.1
Project("{F184B08F-C81C-45F6-A57F-5ABD9991F28F}") = "03-2 Nutrition Dataset - Acute Malnutrition(NEW)", "03-2 Nutrition Dataset - Acute Malnutrition(NEW).vbproj", "{AC7104CF-1036-4E93-AF88-4EE33C4D161D}"
EndProject
Global
	GlobalSection(SolutionConfigurationPlatforms) = preSolution
		Debug|Any CPU = Debug|Any CPU
		Release|Any CPU = Release|Any CPU
	EndGlobalSection
	GlobalSection(ProjectConfigurationPlatforms) = postSolution
		{AC7104CF-1036-4E93-AF88-4EE33C4D161D}.Debug|Any CPU.ActiveCfg = Debug|Any CPU
		{AC7104CF-1036-4E93-AF88-4EE33C4D161D}.Debug|Any CPU.Build.0 = Debug|Any CPU
		{AC7104CF-1036-4E93-AF88-4EE33C4D161D}.Release|Any CPU.ActiveCfg = Release|Any CPU
		{AC7104CF-1036-4E93-AF88-4EE33C4D161D}.Release|Any CPU.Build.0 = Release|Any CPU
	EndGlobalSection
	GlobalSection(SolutionProperties) = preSolution
		HideSolutionNode = FALSE
	EndGlobalSection
	GlobalSection(ExtensibilityGlobals) = postSolution
		SolutionGuid = {FF1131F1-1036-4B3B-A4AA-6BD9AE177EF3}
	EndGlobalSection
EndGlobal
