
Microsoft Visual Studio Solution File, Format Version 12.00
# Visual Studio Version 17
VisualStudioVersion = 17.9.34728.123
MinimumVisualStudioVersion = 10.0.40219.1
Project("{F184B08F-C81C-45F6-A57F-5ABD9991F28F}") = "03-1NutritionDataset", "03-1NutritionDataset.vbproj", "{98FC2053-F1DB-40FB-A1E6-994A9741056B}"
EndProject
Global
	GlobalSection(SolutionConfigurationPlatforms) = preSolution
		Debug|Any CPU = Debug|Any CPU
		Release|Any CPU = Release|Any CPU
	EndGlobalSection
	GlobalSection(ProjectConfigurationPlatforms) = postSolution
		{98FC2053-F1DB-40FB-A1E6-994A9741056B}.Debug|Any CPU.ActiveCfg = Debug|Any CPU
		{98FC2053-F1DB-40FB-A1E6-994A9741056B}.Debug|Any CPU.Build.0 = Debug|Any CPU
		{98FC2053-F1DB-40FB-A1E6-994A9741056B}.Release|Any CPU.ActiveCfg = Release|Any CPU
		{98FC2053-F1DB-40FB-A1E6-994A9741056B}.Release|Any CPU.Build.0 = Release|Any CPU
	EndGlobalSection
	GlobalSection(SolutionProperties) = preSolution
		HideSolutionNode = FALSE
	EndGlobalSection
	GlobalSection(ExtensibilityGlobals) = postSolution
		SolutionGuid = {82EC5682-B2D9-4622-B574-D38EEE3210CD}
	EndGlobalSection
EndGlobal
