
Microsoft Visual Studio Solution File, Format Version 12.00
# Visual Studio Version 17
VisualStudioVersion = 17.9.34728.123
MinimumVisualStudioVersion = 10.0.40219.1
Project("{F184B08F-C81C-45F6-A57F-5ABD9991F28F}") = "02-1 Immunization Dataset(NEW)", "02-1 Immunization Dataset(NEW).vbproj", "{4C2B0488-AB77-45AE-9F11-A318D00CA8D5}"
EndProject
Global
	GlobalSection(SolutionConfigurationPlatforms) = preSolution
		Debug|Any CPU = Debug|Any CPU
		Release|Any CPU = Release|Any CPU
	EndGlobalSection
	GlobalSection(ProjectConfigurationPlatforms) = postSolution
		{4C2B0488-AB77-45AE-9F11-A318D00CA8D5}.Debug|Any CPU.ActiveCfg = Debug|Any CPU
		{4C2B0488-AB77-45AE-9F11-A318D00CA8D5}.Debug|Any CPU.Build.0 = Debug|Any CPU
		{4C2B0488-AB77-45AE-9F11-A318D00CA8D5}.Release|Any CPU.ActiveCfg = Release|Any CPU
		{4C2B0488-AB77-45AE-9F11-A318D00CA8D5}.Release|Any CPU.Build.0 = Release|Any CPU
	EndGlobalSection
	GlobalSection(SolutionProperties) = preSolution
		HideSolutionNode = FALSE
	EndGlobalSection
	GlobalSection(ExtensibilityGlobals) = postSolution
		SolutionGuid = {1E17B914-FDDF-4E80-B0B1-E40421840616}
	EndGlobalSection
EndGlobal
