
Microsoft Visual Studio Solution File, Format Version 12.00
# Visual Studio Version 17
VisualStudioVersion = 17.9.34728.123
MinimumVisualStudioVersion = 10.0.40219.1
Project("{F184B08F-C81C-45F6-A57F-5ABD9991F28F}") = "10-01 Outreach Clinic and Community Health (NEW)", "10-01 Outreach Clinic and Community Health (NEW).vbproj", "{04C17C1B-D2FA-4AC9-8013-6220F2EF4066}"
EndProject
Global
	GlobalSection(SolutionConfigurationPlatforms) = preSolution
		Debug|Any CPU = Debug|Any CPU
		Release|Any CPU = Release|Any CPU
	EndGlobalSection
	GlobalSection(ProjectConfigurationPlatforms) = postSolution
		{04C17C1B-D2FA-4AC9-8013-6220F2EF4066}.Debug|Any CPU.ActiveCfg = Debug|Any CPU
		{04C17C1B-D2FA-4AC9-8013-6220F2EF4066}.Debug|Any CPU.Build.0 = Debug|Any CPU
		{04C17C1B-D2FA-4AC9-8013-6220F2EF4066}.Release|Any CPU.ActiveCfg = Release|Any CPU
		{04C17C1B-D2FA-4AC9-8013-6220F2EF4066}.Release|Any CPU.Build.0 = Release|Any CPU
	EndGlobalSection
	GlobalSection(SolutionProperties) = preSolution
		HideSolutionNode = FALSE
	EndGlobalSection
	GlobalSection(ExtensibilityGlobals) = postSolution
		SolutionGuid = {B892623F-8B04-43FF-8DCF-C0D5B6833836}
	EndGlobalSection
EndGlobal
